
Microsoft Visual Studio Solution File, Format Version 12.00
# Visual Studio Version 16
VisualStudioVersion = 16.0.30804.86
MinimumVisualStudioVersion = 10.0.40219.1
Project("{9A19103F-16F7-4668-BE54-9A1E7A4F7556}") = "SPT", "SPT.csproj", "{E24EDA69-F8A7-4164-A55E-5D4F92935B45}"
EndProject
Global
	GlobalSection(SolutionConfigurationPlatforms) = preSolution
		Debug|Any CPU = Debug|Any CPU
		Release|Any CPU = Release|Any CPU
	EndGlobalSection
	GlobalSection(ProjectConfigurationPlatforms) = postSolution
		{E24EDA69-F8A7-4164-A55E-5D4F92935B45}.Debug|Any CPU.ActiveCfg = Debug|Any CPU
		{E24EDA69-F8A7-4164-A55E-5D4F92935B45}.Debug|Any CPU.Build.0 = Debug|Any CPU
		{E24EDA69-F8A7-4164-A55E-5D4F92935B45}.Release|Any CPU.ActiveCfg = Release|Any CPU
		{E24EDA69-F8A7-4164-A55E-5D4F92935B45}.Release|Any CPU.Build.0 = Release|Any CPU
	EndGlobalSection
	GlobalSection(SolutionProperties) = preSolution
		HideSolutionNode = FALSE
	EndGlobalSection
	GlobalSection(ExtensibilityGlobals) = postSolution
		SolutionGuid = {68EDF0CA-8E20-4F98-A0AE-115BDCD5BF90}
	EndGlobalSection
EndGlobal
